
Microsoft Visual Studio Solution File, Format Version 12.00
# Visual Studio Version 16
VisualStudioVersion = 16.0.31424.327
MinimumVisualStudioVersion = 10.0.40219.1
Project("{9A19103F-16F7-4668-BE54-9A1E7A4F7556}") = "DotNetCoreCurrencyApi.RateService", "DotNetCoreCurrencyApi\DotNetCoreCurrencyApi.RateService.csproj", "{9550D7B9-B1F8-4D2D-8D6B-347D53AFA425}"
EndProject
Project("{9A19103F-16F7-4668-BE54-9A1E7A4F7556}") = "DotNetCoreCurrencyApi.Core", "DotNetCoreCurrencyApi.Core\DotNetCoreCurrencyApi.Core.csproj", "{34C2EFC6-961A-4C5F-A03F-772CE34A4E21}"
EndProject
Project("{9A19103F-16F7-4668-BE54-9A1E7A4F7556}") = "DotNetCoreCurrencyApi.Data", "DotNetCoreCurrencyApi.Data\DotNetCoreCurrencyApi.Data.csproj", "{8A96EAAA-1B7D-4A19-8B6B-2221B6E50176}"
EndProject
Project("{9A19103F-16F7-4668-BE54-9A1E7A4F7556}") = "DotNetCoreCurrencyApi.Infrastructure", "DotNetCoreCurrencyApi.Infrastructure\DotNetCoreCurrencyApi.Infrastructure.csproj", "{C0F2B465-548B-47E1-98AC-F3E46F6F2FFE}"
EndProject
Project("{FAE04EC0-301F-11D3-BF4B-00C04F79EFBC}") = "DotNetCoreCurrencyApi.ExchangeService", "DotNetCoreCurrencyApi.ExchangeService\DotNetCoreCurrencyApi.ExchangeService.csproj", "{3B03740B-C532-4DB3-B2B9-2926B3907855}"
EndProject
Project("{FAE04EC0-301F-11D3-BF4B-00C04F79EFBC}") = "DotNetCoreCurrencyApi.Tests", "DotNetCoreCurrencyApi.Tests\DotNetCoreCurrencyApi.Tests.csproj", "{516161E1-1281-4DDA-96BC-EB6399070C20}"
EndProject
Global
	GlobalSection(SolutionConfigurationPlatforms) = preSolution
		Debug|Any CPU = Debug|Any CPU
		Release|Any CPU = Release|Any CPU
	EndGlobalSection
	GlobalSection(ProjectConfigurationPlatforms) = postSolution
		{9550D7B9-B1F8-4D2D-8D6B-347D53AFA425}.Debug|Any CPU.ActiveCfg = Debug|Any CPU
		{9550D7B9-B1F8-4D2D-8D6B-347D53AFA425}.Debug|Any CPU.Build.0 = Debug|Any CPU
		{9550D7B9-B1F8-4D2D-8D6B-347D53AFA425}.Release|Any CPU.ActiveCfg = Release|Any CPU
		{9550D7B9-B1F8-4D2D-8D6B-347D53AFA425}.Release|Any CPU.Build.0 = Release|Any CPU
		{34C2EFC6-961A-4C5F-A03F-772CE34A4E21}.Debug|Any CPU.ActiveCfg = Debug|Any CPU
		{34C2EFC6-961A-4C5F-A03F-772CE34A4E21}.Debug|Any CPU.Build.0 = Debug|Any CPU
		{34C2EFC6-961A-4C5F-A03F-772CE34A4E21}.Release|Any CPU.ActiveCfg = Release|Any CPU
		{34C2EFC6-961A-4C5F-A03F-772CE34A4E21}.Release|Any CPU.Build.0 = Release|Any CPU
		{8A96EAAA-1B7D-4A19-8B6B-2221B6E50176}.Debug|Any CPU.ActiveCfg = Debug|Any CPU
		{8A96EAAA-1B7D-4A19-8B6B-2221B6E50176}.Debug|Any CPU.Build.0 = Debug|Any CPU
		{8A96EAAA-1B7D-4A19-8B6B-2221B6E50176}.Release|Any CPU.ActiveCfg = Release|Any CPU
		{8A96EAAA-1B7D-4A19-8B6B-2221B6E50176}.Release|Any CPU.Build.0 = Release|Any CPU
		{C0F2B465-548B-47E1-98AC-F3E46F6F2FFE}.Debug|Any CPU.ActiveCfg = Debug|Any CPU
		{C0F2B465-548B-47E1-98AC-F3E46F6F2FFE}.Debug|Any CPU.Build.0 = Debug|Any CPU
		{C0F2B465-548B-47E1-98AC-F3E46F6F2FFE}.Release|Any CPU.ActiveCfg = Release|Any CPU
		{C0F2B465-548B-47E1-98AC-F3E46F6F2FFE}.Release|Any CPU.Build.0 = Release|Any CPU
		{3B03740B-C532-4DB3-B2B9-2926B3907855}.Debug|Any CPU.ActiveCfg = Debug|Any CPU
		{3B03740B-C532-4DB3-B2B9-2926B3907855}.Debug|Any CPU.Build.0 = Debug|Any CPU
		{3B03740B-C532-4DB3-B2B9-2926B3907855}.Release|Any CPU.ActiveCfg = Release|Any CPU
		{3B03740B-C532-4DB3-B2B9-2926B3907855}.Release|Any CPU.Build.0 = Release|Any CPU
		{516161E1-1281-4DDA-96BC-EB6399070C20}.Debug|Any CPU.ActiveCfg = Debug|Any CPU
		{516161E1-1281-4DDA-96BC-EB6399070C20}.Debug|Any CPU.Build.0 = Debug|Any CPU
		{516161E1-1281-4DDA-96BC-EB6399070C20}.Release|Any CPU.ActiveCfg = Release|Any CPU
		{516161E1-1281-4DDA-96BC-EB6399070C20}.Release|Any CPU.Build.0 = Release|Any CPU
	EndGlobalSection
	GlobalSection(SolutionProperties) = preSolution
		HideSolutionNode = FALSE
	EndGlobalSection
	GlobalSection(ExtensibilityGlobals) = postSolution
		SolutionGuid = {3A2044E6-CE6B-4FD4-822A-7A61E2389F10}
	EndGlobalSection
EndGlobal
